// !$*UTF8*$!
{
	archiveVersion = 1;
	classes = {
	};
	objectVersion = 55;
	objects = {

/* Begin PBXBuildFile section */
		E3EABAE913D26DA244BD8C1D /* libPods-XDMVLC.a in Frameworks */ = {isa = PBXBuildFile; fileRef = A03477637AD2C6B87E800706 /* libPods-XDMVLC.a */; };
		E4BC271E2961AEC700064815 /* AppDelegate.m in Sources */ = {isa = PBXBuildFile; fileRef = E4BC271D2961AEC700064815 /* AppDelegate.m */; };
		E4BC27212961AEC700064815 /* SceneDelegate.m in Sources */ = {isa = PBXBuildFile; fileRef = E4BC27202961AEC700064815 /* SceneDelegate.m */; };
		E4BC27242961AEC700064815 /* ViewController.m in Sources */ = {isa = PBXBuildFile; fileRef = E4BC27232961AEC700064815 /* ViewController.m */; };
		E4BC27272961AEC700064815 /* Main.storyboard in Resources */ = {isa = PBXBuildFile; fileRef = E4BC27252961AEC700064815 /* Main.storyboard */; };
		E4BC27292961AEC800064815 /* Assets.xcassets in Resources */ = {isa = PBXBuildFile; fileRef = E4BC27282961AEC800064815 /* Assets.xcassets */; };
		E4BC272C2961AEC800064815 /* LaunchScreen.storyboard in Resources */ = {isa = PBXBuildFile; fileRef = E4BC272A2961AEC800064815 /* LaunchScreen.storyboard */; };
		E4BC272F2961AEC800064815 /* main.m in Sources */ = {isa = PBXBuildFile; fileRef = E4BC272E2961AEC800064815 /* main.m */; };
		E4BC27372961AED300064815 /* VideoViewController.m in Sources */ = {isa = PBXBuildFile; fileRef = E4BC27362961AED300064815 /* VideoViewController.m */; };
		E4BC27412961B0C600064815 /* CaptionViewController.m in Sources */ = {isa = PBXBuildFile; fileRef = E4BC27392961B0C500064815 /* CaptionViewController.m */; };
		E4BC27422961B0C600064815 /* NewCenterView.m in Sources */ = {isa = PBXBuildFile; fileRef = E4BC273D2961B0C500064815 /* NewCenterView.m */; };
		E4BC27432961B0C600064815 /* NewVideoViewController.m in Sources */ = {isa = PBXBuildFile; fileRef = E4BC273E2961B0C600064815 /* NewVideoViewController.m */; };
		E4BC27442961B0C600064815 /* NewPlayerView.m in Sources */ = {isa = PBXBuildFile; fileRef = E4BC273F2961B0C600064815 /* NewPlayerView.m */; };
		E4BC27472961B1AA00064815 /* VideoAudioPlayer.m in Sources */ = {isa = PBXBuildFile; fileRef = E4BC27452961B1AA00064815 /* VideoAudioPlayer.m */; };
		E4BC274A2961B1F700064815 /* UIColor+Hex.m in Sources */ = {isa = PBXBuildFile; fileRef = E4BC27482961B1F700064815 /* UIColor+Hex.m */; };
		E4BC27512961B22600064815 /* NSDictionary+XDExt.m in Sources */ = {isa = PBXBuildFile; fileRef = E4BC274C2961B22600064815 /* NSDictionary+XDExt.m */; };
		E4BC27522961B22600064815 /* NSArray+XDExt.m in Sources */ = {isa = PBXBuildFile; fileRef = E4BC274E2961B22600064815 /* NSArray+XDExt.m */; };
		E4BC27532961B22600064815 /* NSString+XDExt.m in Sources */ = {isa = PBXBuildFile; fileRef = E4BC27502961B22600064815 /* NSString+XDExt.m */; };
		E4BC27562962C83700064815 /* XTools.m in Sources */ = {isa = PBXBuildFile; fileRef = E4BC27552962C83700064815 /* XTools.m */; };
/* End PBXBuildFile section */

/* Begin PBXFileReference section */
		42D00861034CE7D8244AB1F4 /* Pods-XDMVLC.release.xcconfig */ = {isa = PBXFileReference; includeInIndex = 1; lastKnownFileType = text.xcconfig; name = "Pods-XDMVLC.release.xcconfig"; path = "Target Support Files/Pods-XDMVLC/Pods-XDMVLC.release.xcconfig"; sourceTree = "<group>"; };
		853103CD359857C32B30DD83 /* Pods-XDMVLC.debug.xcconfig */ = {isa = PBXFileReference; includeInIndex = 1; lastKnownFileType = text.xcconfig; name = "Pods-XDMVLC.debug.xcconfig"; path = "Target Support Files/Pods-XDMVLC/Pods-XDMVLC.debug.xcconfig"; sourceTree = "<group>"; };
		A03477637AD2C6B87E800706 /* libPods-XDMVLC.a */ = {isa = PBXFileReference; explicitFileType = archive.ar; includeInIndex = 0; path = "libPods-XDMVLC.a"; sourceTree = BUILT_PRODUCTS_DIR; };
		E4BC27192961AEC700064815 /* XDMVLC.app */ = {isa = PBXFileReference; explicitFileType = wrapper.application; includeInIndex = 0; path = XDMVLC.app; sourceTree = BUILT_PRODUCTS_DIR; };
		E4BC271C2961AEC700064815 /* AppDelegate.h */ = {isa = PBXFileReference; lastKnownFileType = sourcecode.c.h; path = AppDelegate.h; sourceTree = "<group>"; };
		E4BC271D2961AEC700064815 /* AppDelegate.m */ = {isa = PBXFileReference; lastKnownFileType = sourcecode.c.objc; path = AppDelegate.m; sourceTree = "<group>"; };
		E4BC271F2961AEC700064815 /* SceneDelegate.h */ = {isa = PBXFileReference; lastKnownFileType = sourcecode.c.h; path = SceneDelegate.h; sourceTree = "<group>"; };
		E4BC27202961AEC700064815 /* SceneDelegate.m */ = {isa = PBXFileReference; lastKnownFileType = sourcecode.c.objc; path = SceneDelegate.m; sourceTree = "<group>"; };
		E4BC27222961AEC700064815 /* ViewController.h */ = {isa = PBXFileReference; lastKnownFileType = sourcecode.c.h; path = ViewController.h; sourceTree = "<group>"; };
		E4BC27232961AEC700064815 /* ViewController.m */ = {isa = PBXFileReference; lastKnownFileType = sourcecode.c.objc; path = ViewController.m; sourceTree = "<group>"; };
		E4BC27262961AEC700064815 /* Base */ = {isa = PBXFileReference; lastKnownFileType = file.storyboard; name = Base; path = Base.lproj/Main.storyboard; sourceTree = "<group>"; };
		E4BC27282961AEC800064815 /* Assets.xcassets */ = {isa = PBXFileReference; lastKnownFileType = folder.assetcatalog; path = Assets.xcassets; sourceTree = "<group>"; };
		E4BC272B2961AEC800064815 /* Base */ = {isa = PBXFileReference; lastKnownFileType = file.storyboard; name = Base; path = Base.lproj/LaunchScreen.storyboard; sourceTree = "<group>"; };
		E4BC272D2961AEC800064815 /* Info.plist */ = {isa = PBXFileReference; lastKnownFileType = text.plist.xml; path = Info.plist; sourceTree = "<group>"; };
		E4BC272E2961AEC800064815 /* main.m */ = {isa = PBXFileReference; lastKnownFileType = sourcecode.c.objc; path = main.m; sourceTree = "<group>"; };
		E4BC27352961AED300064815 /* VideoViewController.h */ = {isa = PBXFileReference; lastKnownFileType = sourcecode.c.h; path = VideoViewController.h; sourceTree = "<group>"; };
		E4BC27362961AED300064815 /* VideoViewController.m */ = {isa = PBXFileReference; lastKnownFileType = sourcecode.c.objc; path = VideoViewController.m; sourceTree = "<group>"; };
		E4BC27392961B0C500064815 /* CaptionViewController.m */ = {isa = PBXFileReference; fileEncoding = 4; lastKnownFileType = sourcecode.c.objc; path = CaptionViewController.m; sourceTree = "<group>"; };
		E4BC273A2961B0C500064815 /* NewCenterView.h */ = {isa = PBXFileReference; fileEncoding = 4; lastKnownFileType = sourcecode.c.h; path = NewCenterView.h; sourceTree = "<group>"; };
		E4BC273B2961B0C500064815 /* NewPlayerView.h */ = {isa = PBXFileReference; fileEncoding = 4; lastKnownFileType = sourcecode.c.h; path = NewPlayerView.h; sourceTree = "<group>"; };
		E4BC273C2961B0C500064815 /* NewVideoViewController.h */ = {isa = PBXFileReference; fileEncoding = 4; lastKnownFileType = sourcecode.c.h; path = NewVideoViewController.h; sourceTree = "<group>"; };
		E4BC273D2961B0C500064815 /* NewCenterView.m */ = {isa = PBXFileReference; fileEncoding = 4; lastKnownFileType = sourcecode.c.objc; path = NewCenterView.m; sourceTree = "<group>"; };
		E4BC273E2961B0C600064815 /* NewVideoViewController.m */ = {isa = PBXFileReference; fileEncoding = 4; lastKnownFileType = sourcecode.c.objc; path = NewVideoViewController.m; sourceTree = "<group>"; };
		E4BC273F2961B0C600064815 /* NewPlayerView.m */ = {isa = PBXFileReference; fileEncoding = 4; lastKnownFileType = sourcecode.c.objc; path = NewPlayerView.m; sourceTree = "<group>"; };
		E4BC27402961B0C600064815 /* CaptionViewController.h */ = {isa = PBXFileReference; fileEncoding = 4; lastKnownFileType = sourcecode.c.h; path = CaptionViewController.h; sourceTree = "<group>"; };
		E4BC27452961B1AA00064815 /* VideoAudioPlayer.m */ = {isa = PBXFileReference; fileEncoding = 4; lastKnownFileType = sourcecode.c.objc; path = VideoAudioPlayer.m; sourceTree = "<group>"; };
		E4BC27462961B1AA00064815 /* VideoAudioPlayer.h */ = {isa = PBXFileReference; fileEncoding = 4; lastKnownFileType = sourcecode.c.h; path = VideoAudioPlayer.h; sourceTree = "<group>"; };
		E4BC27482961B1F700064815 /* UIColor+Hex.m */ = {isa = PBXFileReference; fileEncoding = 4; lastKnownFileType = sourcecode.c.objc; path = "UIColor+Hex.m"; sourceTree = "<group>"; };
		E4BC27492961B1F700064815 /* UIColor+Hex.h */ = {isa = PBXFileReference; fileEncoding = 4; lastKnownFileType = sourcecode.c.h; path = "UIColor+Hex.h"; sourceTree = "<group>"; };
		E4BC274B2961B22600064815 /* NSDictionary+XDExt.h */ = {isa = PBXFileReference; fileEncoding = 4; lastKnownFileType = sourcecode.c.h; path = "NSDictionary+XDExt.h"; sourceTree = "<group>"; };
		E4BC274C2961B22600064815 /* NSDictionary+XDExt.m */ = {isa = PBXFileReference; fileEncoding = 4; lastKnownFileType = sourcecode.c.objc; path = "NSDictionary+XDExt.m"; sourceTree = "<group>"; };
		E4BC274D2961B22600064815 /* NSArray+XDExt.h */ = {isa = PBXFileReference; fileEncoding = 4; lastKnownFileType = sourcecode.c.h; path = "NSArray+XDExt.h"; sourceTree = "<group>"; };
		E4BC274E2961B22600064815 /* NSArray+XDExt.m */ = {isa = PBXFileReference; fileEncoding = 4; lastKnownFileType = sourcecode.c.objc; path = "NSArray+XDExt.m"; sourceTree = "<group>"; };
		E4BC274F2961B22600064815 /* NSString+XDExt.h */ = {isa = PBXFileReference; fileEncoding = 4; lastKnownFileType = sourcecode.c.h; path = "NSString+XDExt.h"; sourceTree = "<group>"; };
		E4BC27502961B22600064815 /* NSString+XDExt.m */ = {isa = PBXFileReference; fileEncoding = 4; lastKnownFileType = sourcecode.c.objc; path = "NSString+XDExt.m"; sourceTree = "<group>"; };
		E4BC27542962C83600064815 /* XTools.h */ = {isa = PBXFileReference; fileEncoding = 4; lastKnownFileType = sourcecode.c.h; path = XTools.h; sourceTree = "<group>"; };
		E4BC27552962C83700064815 /* XTools.m */ = {isa = PBXFileReference; fileEncoding = 4; lastKnownFileType = sourcecode.c.objc; path = XTools.m; sourceTree = "<group>"; };
/* End PBXFileReference section */

/* Begin PBXFrameworksBuildPhase section */
		E4BC27162961AEC700064815 /* Frameworks */ = {
			isa = PBXFrameworksBuildPhase;
			buildActionMask = 2147483647;
			files = (
				E3EABAE913D26DA244BD8C1D /* libPods-XDMVLC.a in Frameworks */,
			);
			runOnlyForDeploymentPostprocessing = 0;
		};
/* End PBXFrameworksBuildPhase section */

/* Begin PBXGroup section */
		4BBE08CBF95C20A08E0006C6 /* Pods */ = {
			isa = PBXGroup;
			children = (
				853103CD359857C32B30DD83 /* Pods-XDMVLC.debug.xcconfig */,
				42D00861034CE7D8244AB1F4 /* Pods-XDMVLC.release.xcconfig */,
			);
			path = Pods;
			sourceTree = "<group>";
		};
		967BDF64F0F2EA6F10D6A2DB /* Frameworks */ = {
			isa = PBXGroup;
			children = (
				A03477637AD2C6B87E800706 /* libPods-XDMVLC.a */,
			);
			name = Frameworks;
			sourceTree = "<group>";
		};
		E4BC27102961AEC600064815 = {
			isa = PBXGroup;
			children = (
				E4BC271B2961AEC700064815 /* XDMVLC */,
				E4BC271A2961AEC700064815 /* Products */,
				4BBE08CBF95C20A08E0006C6 /* Pods */,
				967BDF64F0F2EA6F10D6A2DB /* Frameworks */,
			);
			sourceTree = "<group>";
		};
		E4BC271A2961AEC700064815 /* Products */ = {
			isa = PBXGroup;
			children = (
				E4BC27192961AEC700064815 /* XDMVLC.app */,
			);
			name = Products;
			sourceTree = "<group>";
		};
		E4BC271B2961AEC700064815 /* XDMVLC */ = {
			isa = PBXGroup;
			children = (
				E4BC27382961B09700064815 /* Video */,
				E4BC271C2961AEC700064815 /* AppDelegate.h */,
				E4BC271D2961AEC700064815 /* AppDelegate.m */,
				E4BC271F2961AEC700064815 /* SceneDelegate.h */,
				E4BC27202961AEC700064815 /* SceneDelegate.m */,
				E4BC27222961AEC700064815 /* ViewController.h */,
				E4BC27232961AEC700064815 /* ViewController.m */,
				E4BC27352961AED300064815 /* VideoViewController.h */,
				E4BC27362961AED300064815 /* VideoViewController.m */,
				E4BC27252961AEC700064815 /* Main.storyboard */,
				E4BC27282961AEC800064815 /* Assets.xcassets */,
				E4BC272A2961AEC800064815 /* LaunchScreen.storyboard */,
				E4BC272D2961AEC800064815 /* Info.plist */,
				E4BC272E2961AEC800064815 /* main.m */,
			);
			path = XDMVLC;
			sourceTree = "<group>";
		};
		E4BC27382961B09700064815 /* Video */ = {
			isa = PBXGroup;
			children = (
				E4BC27462961B1AA00064815 /* VideoAudioPlayer.h */,
				E4BC27452961B1AA00064815 /* VideoAudioPlayer.m */,
				E4BC27402961B0C600064815 /* CaptionViewController.h */,
				E4BC27392961B0C500064815 /* CaptionViewController.m */,
				E4BC273A2961B0C500064815 /* NewCenterView.h */,
				E4BC273D2961B0C500064815 /* NewCenterView.m */,
				E4BC273B2961B0C500064815 /* NewPlayerView.h */,
				E4BC273F2961B0C600064815 /* NewPlayerView.m */,
				E4BC273C2961B0C500064815 /* NewVideoViewController.h */,
				E4BC273E2961B0C600064815 /* NewVideoViewController.m */,
				E4BC274D2961B22600064815 /* NSArray+XDExt.h */,
				E4BC274E2961B22600064815 /* NSArray+XDExt.m */,
				E4BC274B2961B22600064815 /* NSDictionary+XDExt.h */,
				E4BC274C2961B22600064815 /* NSDictionary+XDExt.m */,
				E4BC274F2961B22600064815 /* NSString+XDExt.h */,
				E4BC27502961B22600064815 /* NSString+XDExt.m */,
				E4BC27492961B1F700064815 /* UIColor+Hex.h */,
				E4BC27482961B1F700064815 /* UIColor+Hex.m */,
				E4BC27542962C83600064815 /* XTools.h */,
				E4BC27552962C83700064815 /* XTools.m */,
			);
			path = Video;
			sourceTree = "<group>";
		};
/* End PBXGroup section */

/* Begin PBXNativeTarget section */
		E4BC27182961AEC700064815 /* XDMVLC */ = {
			isa = PBXNativeTarget;
			buildConfigurationList = E4BC27322961AEC800064815 /* Build configuration list for PBXNativeTarget "XDMVLC" */;
			buildPhases = (
				0A044F5ABBA3B53175BDE64D /* [CP] Check Pods Manifest.lock */,
				E4BC27152961AEC700064815 /* Sources */,
				E4BC27162961AEC700064815 /* Frameworks */,
				E4BC27172961AEC700064815 /* Resources */,
				662389CC64468346698DBA05 /* [CP] Embed Pods Frameworks */,
			);
			buildRules = (
			);
			dependencies = (
			);
			name = XDMVLC;
			productName = XDMVLC;
			productReference = E4BC27192961AEC700064815 /* XDMVLC.app */;
			productType = "com.apple.product-type.application";
		};
/* End PBXNativeTarget section */

/* Begin PBXProject section */
		E4BC27112961AEC600064815 /* Project object */ = {
			isa = PBXProject;
			attributes = {
				BuildIndependentTargetsInParallel = 1;
				LastUpgradeCheck = 1410;
				TargetAttributes = {
					E4BC27182961AEC700064815 = {
						CreatedOnToolsVersion = 14.1;
					};
				};
			};
			buildConfigurationList = E4BC27142961AEC600064815 /* Build configuration list for PBXProject "XDMVLC" */;
			compatibilityVersion = "Xcode 13.0";
			developmentRegion = en;
			hasScannedForEncodings = 0;
			knownRegions = (
				en,
				Base,
			);
			mainGroup = E4BC27102961AEC600064815;
			productRefGroup = E4BC271A2961AEC700064815 /* Products */;
			projectDirPath = "";
			projectRoot = "";
			targets = (
				E4BC27182961AEC700064815 /* XDMVLC */,
			);
		};
/* End PBXProject section */

/* Begin PBXResourcesBuildPhase section */
		E4BC27172961AEC700064815 /* Resources */ = {
			isa = PBXResourcesBuildPhase;
			buildActionMask = 2147483647;
			files = (
				E4BC272C2961AEC800064815 /* LaunchScreen.storyboard in Resources */,
				E4BC27292961AEC800064815 /* Assets.xcassets in Resources */,
				E4BC27272961AEC700064815 /* Main.storyboard in Resources */,
			);
			runOnlyForDeploymentPostprocessing = 0;
		};
/* End PBXResourcesBuildPhase section */

/* Begin PBXShellScriptBuildPhase section */
		0A044F5ABBA3B53175BDE64D /* [CP] Check Pods Manifest.lock */ = {
			isa = PBXShellScriptBuildPhase;
			buildActionMask = 2147483647;
			files = (
			);
			inputFileListPaths = (
			);
			inputPaths = (
				"${PODS_PODFILE_DIR_PATH}/Podfile.lock",
				"${PODS_ROOT}/Manifest.lock",
			);
			name = "[CP] Check Pods Manifest.lock";
			outputFileListPaths = (
			);
			outputPaths = (
				"$(DERIVED_FILE_DIR)/Pods-XDMVLC-checkManifestLockResult.txt",
			);
			runOnlyForDeploymentPostprocessing = 0;
			shellPath = /bin/sh;
			shellScript = "diff \"${PODS_PODFILE_DIR_PATH}/Podfile.lock\" \"${PODS_ROOT}/Manifest.lock\" > /dev/null\nif [ $? != 0 ] ; then\n    # print error to STDERR\n    echo \"error: The sandbox is not in sync with the Podfile.lock. Run 'pod install' or update your CocoaPods installation.\" >&2\n    exit 1\nfi\n# This output is used by Xcode 'outputs' to avoid re-running this script phase.\necho \"SUCCESS\" > \"${SCRIPT_OUTPUT_FILE_0}\"\n";
			showEnvVarsInLog = 0;
		};
		662389CC64468346698DBA05 /* [CP] Embed Pods Frameworks */ = {
			isa = PBXShellScriptBuildPhase;
			buildActionMask = 2147483647;
			files = (
			);
			inputFileListPaths = (
				"${PODS_ROOT}/Target Support Files/Pods-XDMVLC/Pods-XDMVLC-frameworks-${CONFIGURATION}-input-files.xcfilelist",
			);
			name = "[CP] Embed Pods Frameworks";
			outputFileListPaths = (
				"${PODS_ROOT}/Target Support Files/Pods-XDMVLC/Pods-XDMVLC-frameworks-${CONFIGURATION}-output-files.xcfilelist",
			);
			runOnlyForDeploymentPostprocessing = 0;
			shellPath = /bin/sh;
			shellScript = "\"${PODS_ROOT}/Target Support Files/Pods-XDMVLC/Pods-XDMVLC-frameworks.sh\"\n";
			showEnvVarsInLog = 0;
		};
/* End PBXShellScriptBuildPhase section */

/* Begin PBXSourcesBuildPhase section */
		E4BC27152961AEC700064815 /* Sources */ = {
			isa = PBXSourcesBuildPhase;
			buildActionMask = 2147483647;
			files = (
				E4BC27372961AED300064815 /* VideoViewController.m in Sources */,
				E4BC27472961B1AA00064815 /* VideoAudioPlayer.m in Sources */,
				E4BC27512961B22600064815 /* NSDictionary+XDExt.m in Sources */,
				E4BC27412961B0C600064815 /* CaptionViewController.m in Sources */,
				E4BC27562962C83700064815 /* XTools.m in Sources */,
				E4BC27442961B0C600064815 /* NewPlayerView.m in Sources */,
				E4BC27532961B22600064815 /* NSString+XDExt.m in Sources */,
				E4BC27242961AEC700064815 /* ViewController.m in Sources */,
				E4BC27432961B0C600064815 /* NewVideoViewController.m in Sources */,
				E4BC27522961B22600064815 /* NSArray+XDExt.m in Sources */,
				E4BC271E2961AEC700064815 /* AppDelegate.m in Sources */,
				E4BC272F2961AEC800064815 /* main.m in Sources */,
				E4BC274A2961B1F700064815 /* UIColor+Hex.m in Sources */,
				E4BC27212961AEC700064815 /* SceneDelegate.m in Sources */,
				E4BC27422961B0C600064815 /* NewCenterView.m in Sources */,
			);
			runOnlyForDeploymentPostprocessing = 0;
		};
/* End PBXSourcesBuildPhase section */

/* Begin PBXVariantGroup section */
		E4BC27252961AEC700064815 /* Main.storyboard */ = {
			isa = PBXVariantGroup;
			children = (
				E4BC27262961AEC700064815 /* Base */,
			);
			name = Main.storyboard;
			sourceTree = "<group>";
		};
		E4BC272A2961AEC800064815 /* LaunchScreen.storyboard */ = {
			isa = PBXVariantGroup;
			children = (
				E4BC272B2961AEC800064815 /* Base */,
			);
			name = LaunchScreen.storyboard;
			sourceTree = "<group>";
		};
/* End PBXVariantGroup section */

/* Begin XCBuildConfiguration section */
		E4BC27302961AEC800064815 /* Debug */ = {
			isa = XCBuildConfiguration;
			buildSettings = {
				ALWAYS_SEARCH_USER_PATHS = NO;
				CLANG_ANALYZER_NONNULL = YES;
				CLANG_ANALYZER_NUMBER_OBJECT_CONVERSION = YES_AGGRESSIVE;
				CLANG_CXX_LANGUAGE_STANDARD = "gnu++20";
				CLANG_ENABLE_MODULES = YES;
				CLANG_ENABLE_OBJC_ARC = YES;
				CLANG_ENABLE_OBJC_WEAK = YES;
				CLANG_WARN_BLOCK_CAPTURE_AUTORELEASING = YES;
				CLANG_WARN_BOOL_CONVERSION = YES;
				CLANG_WARN_COMMA = YES;
				CLANG_WARN_CONSTANT_CONVERSION = YES;
				CLANG_WARN_DEPRECATED_OBJC_IMPLEMENTATIONS = YES;
				CLANG_WARN_DIRECT_OBJC_ISA_USAGE = YES_ERROR;
				CLANG_WARN_DOCUMENTATION_COMMENTS = YES;
				CLANG_WARN_EMPTY_BODY = YES;
				CLANG_WARN_ENUM_CONVERSION = YES;
				CLANG_WARN_INFINITE_RECURSION = YES;
				CLANG_WARN_INT_CONVERSION = YES;
				CLANG_WARN_NON_LITERAL_NULL_CONVERSION = YES;
				CLANG_WARN_OBJC_IMPLICIT_RETAIN_SELF = YES;
				CLANG_WARN_OBJC_LITERAL_CONVERSION = YES;
				CLANG_WARN_OBJC_ROOT_CLASS = YES_ERROR;
				CLANG_WARN_QUOTED_INCLUDE_IN_FRAMEWORK_HEADER = YES;
				CLANG_WARN_RANGE_LOOP_ANALYSIS = YES;
				CLANG_WARN_STRICT_PROTOTYPES = YES;
				CLANG_WARN_SUSPICIOUS_MOVE = YES;
				CLANG_WARN_UNGUARDED_AVAILABILITY = YES_AGGRESSIVE;
				CLANG_WARN_UNREACHABLE_CODE = YES;
				CLANG_WARN__DUPLICATE_METHOD_MATCH = YES;
				COPY_PHASE_STRIP = NO;
				DEBUG_INFORMATION_FORMAT = dwarf;
				ENABLE_STRICT_OBJC_MSGSEND = YES;
				ENABLE_TESTABILITY = YES;
				GCC_C_LANGUAGE_STANDARD = gnu11;
				GCC_DYNAMIC_NO_PIC = NO;
				GCC_NO_COMMON_BLOCKS = YES;
				GCC_OPTIMIZATION_LEVEL = 0;
				GCC_PREPROCESSOR_DEFINITIONS = (
					"DEBUG=1",
					"$(inherited)",
				);
				GCC_WARN_64_TO_32_BIT_CONVERSION = YES;
				GCC_WARN_ABOUT_RETURN_TYPE = YES_ERROR;
				GCC_WARN_UNDECLARED_SELECTOR = YES;
				GCC_WARN_UNINITIALIZED_AUTOS = YES_AGGRESSIVE;
				GCC_WARN_UNUSED_FUNCTION = YES;
				GCC_WARN_UNUSED_VARIABLE = YES;
				IPHONEOS_DEPLOYMENT_TARGET = 16.1;
				MTL_ENABLE_DEBUG_INFO = INCLUDE_SOURCE;
				MTL_FAST_MATH = YES;
				ONLY_ACTIVE_ARCH = YES;
				SDKROOT = iphoneos;
			};
			name = Debug;
		};
		E4BC27312961AEC800064815 /* Release */ = {
			isa = XCBuildConfiguration;
			buildSettings = {
				ALWAYS_SEARCH_USER_PATHS = NO;
				CLANG_ANALYZER_NONNULL = YES;
				CLANG_ANALYZER_NUMBER_OBJECT_CONVERSION = YES_AGGRESSIVE;
				CLANG_CXX_LANGUAGE_STANDARD = "gnu++20";
				CLANG_ENABLE_MODULES = YES;
				CLANG_ENABLE_OBJC_ARC = YES;
				CLANG_ENABLE_OBJC_WEAK = YES;
				CLANG_WARN_BLOCK_CAPTURE_AUTORELEASING = YES;
				CLANG_WARN_BOOL_CONVERSION = YES;
				CLANG_WARN_COMMA = YES;
				CLANG_WARN_CONSTANT_CONVERSION = YES;
				CLANG_WARN_DEPRECATED_OBJC_IMPLEMENTATIONS = YES;
				CLANG_WARN_DIRECT_OBJC_ISA_USAGE = YES_ERROR;
				CLANG_WARN_DOCUMENTATION_COMMENTS = YES;
				CLANG_WARN_EMPTY_BODY = YES;
				CLANG_WARN_ENUM_CONVERSION = YES;
				CLANG_WARN_INFINITE_RECURSION = YES;
				CLANG_WARN_INT_CONVERSION = YES;
				CLANG_WARN_NON_LITERAL_NULL_CONVERSION = YES;
				CLANG_WARN_OBJC_IMPLICIT_RETAIN_SELF = YES;
				CLANG_WARN_OBJC_LITERAL_CONVERSION = YES;
				CLANG_WARN_OBJC_ROOT_CLASS = YES_ERROR;
				CLANG_WARN_QUOTED_INCLUDE_IN_FRAMEWORK_HEADER = YES;
				CLANG_WARN_RANGE_LOOP_ANALYSIS = YES;
				CLANG_WARN_STRICT_PROTOTYPES = YES;
				CLANG_WARN_SUSPICIOUS_MOVE = YES;
				CLANG_WARN_UNGUARDED_AVAILABILITY = YES_AGGRESSIVE;
				CLANG_WARN_UNREACHABLE_CODE = YES;
				CLANG_WARN__DUPLICATE_METHOD_MATCH = YES;
				COPY_PHASE_STRIP = NO;
				DEBUG_INFORMATION_FORMAT = "dwarf-with-dsym";
				ENABLE_NS_ASSERTIONS = NO;
				ENABLE_STRICT_OBJC_MSGSEND = YES;
				GCC_C_LANGUAGE_STANDARD = gnu11;
				GCC_NO_COMMON_BLOCKS = YES;
				GCC_WARN_64_TO_32_BIT_CONVERSION = YES;
				GCC_WARN_ABOUT_RETURN_TYPE = YES_ERROR;
				GCC_WARN_UNDECLARED_SELECTOR = YES;
				GCC_WARN_UNINITIALIZED_AUTOS = YES_AGGRESSIVE;
				GCC_WARN_UNUSED_FUNCTION = YES;
				GCC_WARN_UNUSED_VARIABLE = YES;
				IPHONEOS_DEPLOYMENT_TARGET = 16.1;
				MTL_ENABLE_DEBUG_INFO = NO;
				MTL_FAST_MATH = YES;
				SDKROOT = iphoneos;
				VALIDATE_PRODUCT = YES;
			};
			name = Release;
		};
		E4BC27332961AEC800064815 /* Debug */ = {
			isa = XCBuildConfiguration;
			baseConfigurationReference = 853103CD359857C32B30DD83 /* Pods-XDMVLC.debug.xcconfig */;
			buildSettings = {
				ASSETCATALOG_COMPILER_APPICON_NAME = AppIcon;
				ASSETCATALOG_COMPILER_GLOBAL_ACCENT_COLOR_NAME = AccentColor;
				CODE_SIGN_STYLE = Automatic;
				CURRENT_PROJECT_VERSION = 1;
				DEVELOPMENT_TEAM = Q494Q8N6JY;
				GENERATE_INFOPLIST_FILE = YES;
				INFOPLIST_FILE = XDMVLC/Info.plist;
				INFOPLIST_KEY_UIApplicationSupportsIndirectInputEvents = YES;
				INFOPLIST_KEY_UILaunchStoryboardName = LaunchScreen;
				INFOPLIST_KEY_UIMainStoryboardFile = Main;
				INFOPLIST_KEY_UISupportedInterfaceOrientations_iPad = "UIInterfaceOrientationPortrait UIInterfaceOrientationPortraitUpsideDown UIInterfaceOrientationLandscapeLeft UIInterfaceOrientationLandscapeRight";
				INFOPLIST_KEY_UISupportedInterfaceOrientations_iPhone = "UIInterfaceOrientationPortrait UIInterfaceOrientationLandscapeLeft UIInterfaceOrientationLandscapeRight";
				INFOPLIST_KEY_UISupportsDocumentBrowser = YES;
				IPHONEOS_DEPLOYMENT_TARGET = 11.0;
				LD_RUNPATH_SEARCH_PATHS = (
					"$(inherited)",
					"@executable_path/Frameworks",
				);
				MARKETING_VERSION = 1.0;
				PRODUCT_BUNDLE_IDENTIFIER = com.xiaodev.XDMVLC;
				PRODUCT_NAME = "$(TARGET_NAME)";
				SWIFT_EMIT_LOC_STRINGS = YES;
				TARGETED_DEVICE_FAMILY = "1,2";
			};
			name = Debug;
		};
		E4BC27342961AEC800064815 /* Release */ = {
			isa = XCBuildConfiguration;
			baseConfigurationReference = 42D00861034CE7D8244AB1F4 /* Pods-XDMVLC.release.xcconfig */;
			buildSettings = {
				ASSETCATALOG_COMPILER_APPICON_NAME = AppIcon;
				ASSETCATALOG_COMPILER_GLOBAL_ACCENT_COLOR_NAME = AccentColor;
				CODE_SIGN_STYLE = Automatic;
				CURRENT_PROJECT_VERSION = 1;
				DEVELOPMENT_TEAM = Q494Q8N6JY;
				GENERATE_INFOPLIST_FILE = YES;
				INFOPLIST_FILE = XDMVLC/Info.plist;
				INFOPLIST_KEY_UIApplicationSupportsIndirectInputEvents = YES;
				INFOPLIST_KEY_UILaunchStoryboardName = LaunchScreen;
				INFOPLIST_KEY_UIMainStoryboardFile = Main;
				INFOPLIST_KEY_UISupportedInterfaceOrientations_iPad = "UIInterfaceOrientationPortrait UIInterfaceOrientationPortraitUpsideDown UIInterfaceOrientationLandscapeLeft UIInterfaceOrientationLandscapeRight";
				INFOPLIST_KEY_UISupportedInterfaceOrientations_iPhone = "UIInterfaceOrientationPortrait UIInterfaceOrientationLandscapeLeft UIInterfaceOrientationLandscapeRight";
				INFOPLIST_KEY_UISupportsDocumentBrowser = YES;
				IPHONEOS_DEPLOYMENT_TARGET = 11.0;
				LD_RUNPATH_SEARCH_PATHS = (
					"$(inherited)",
					"@executable_path/Frameworks",
				);
				MARKETING_VERSION = 1.0;
				PRODUCT_BUNDLE_IDENTIFIER = com.xiaodev.XDMVLC;
				PRODUCT_NAME = "$(TARGET_NAME)";
				SWIFT_EMIT_LOC_STRINGS = YES;
				TARGETED_DEVICE_FAMILY = "1,2";
			};
			name = Release;
		};
/* End XCBuildConfiguration section */

/* Begin XCConfigurationList section */
		E4BC27142961AEC600064815 /* Build configuration list for PBXProject "XDMVLC" */ = {
			isa = XCConfigurationList;
			buildConfigurations = (
				E4BC27302961AEC800064815 /* Debug */,
				E4BC27312961AEC800064815 /* Release */,
			);
			defaultConfigurationIsVisible = 0;
			defaultConfigurationName = Release;
		};
		E4BC27322961AEC800064815 /* Build configuration list for PBXNativeTarget "XDMVLC" */ = {
			isa = XCConfigurationList;
			buildConfigurations = (
				E4BC27332961AEC800064815 /* Debug */,
				E4BC27342961AEC800064815 /* Release */,
			);
			defaultConfigurationIsVisible = 0;
			defaultConfigurationName = Release;
		};
/* End XCConfigurationList section */
	};
	rootObject = E4BC27112961AEC600064815 /* Project object */;
}
